
Microsoft Visual Studio Solution File, Format Version 12.00
# Visual Studio 2012
VisualStudioVersion = 12.0.31101.0
MinimumVisualStudioVersion = 10.0.40219.1
Project("{FAE04EC0-301F-11D3-BF4B-00C04F79EFBC}") = "SimpleListTest", "SimpleListTest\SimpleListTest\SimpleListTest.csproj", "{8627482C-73A9-4CF3-8908-D97649E55860}"
EndProject
Project("{FAE04EC0-301F-11D3-BF4B-00C04F79EFBC}") = "SimpleListTest.iOS", "SimpleListTest\SimpleListTest.iOS\SimpleListTest.iOS.csproj", "{1FA9EC2C-7921-4CBA-85AE-DE3A62B26906}"
EndProject
Project("{FAE04EC0-301F-11D3-BF4B-00C04F79EFBC}") = "SimpleListTest.Droid", "SimpleListTest\SimpleListTest.Droid\SimpleListTest.Droid.csproj", "{FD106696-AD44-45FA-9C3D-CF888A865915}"
EndProject
Project("{FAE04EC0-301F-11D3-BF4B-00C04F79EFBC}") = "SimpleListTest.WinPhone", "SimpleListTest\SimpleListTest.WinPhone\SimpleListTest.WinPhone.csproj", "{A9C57EFB-3534-4D92-9070-961D691286F2}"
EndProject
Global
	GlobalSection(SolutionConfigurationPlatforms) = preSolution
		Ad-Hoc|Any CPU = Ad-Hoc|Any CPU
		Ad-Hoc|ARM = Ad-Hoc|ARM
		Ad-Hoc|iPhone = Ad-Hoc|iPhone
		Ad-Hoc|iPhoneSimulator = Ad-Hoc|iPhoneSimulator
		Ad-Hoc|Mixed Platforms = Ad-Hoc|Mixed Platforms
		Ad-Hoc|x86 = Ad-Hoc|x86
		AppStore|Any CPU = AppStore|Any CPU
		AppStore|ARM = AppStore|ARM
		AppStore|iPhone = AppStore|iPhone
		AppStore|iPhoneSimulator = AppStore|iPhoneSimulator
		AppStore|Mixed Platforms = AppStore|Mixed Platforms
		AppStore|x86 = AppStore|x86
		Debug|Any CPU = Debug|Any CPU
		Debug|ARM = Debug|ARM
		Debug|iPhone = Debug|iPhone
		Debug|iPhoneSimulator = Debug|iPhoneSimulator
		Debug|Mixed Platforms = Debug|Mixed Platforms
		Debug|x86 = Debug|x86
		Release|Any CPU = Release|Any CPU
		Release|ARM = Release|ARM
		Release|iPhone = Release|iPhone
		Release|iPhoneSimulator = Release|iPhoneSimulator
		Release|Mixed Platforms = Release|Mixed Platforms
		Release|x86 = Release|x86
	EndGlobalSection
	GlobalSection(ProjectConfigurationPlatforms) = postSolution
		{1FA9EC2C-7921-4CBA-85AE-DE3A62B26906}.Ad-Hoc|Any CPU.ActiveCfg = Ad-Hoc|iPhone
		{1FA9EC2C-7921-4CBA-85AE-DE3A62B26906}.Ad-Hoc|ARM.ActiveCfg = Ad-Hoc|iPhone
		{1FA9EC2C-7921-4CBA-85AE-DE3A62B26906}.Ad-Hoc|iPhone.ActiveCfg = Ad-Hoc|iPhone
		{1FA9EC2C-7921-4CBA-85AE-DE3A62B26906}.Ad-Hoc|iPhone.Build.0 = Ad-Hoc|iPhone
		{1FA9EC2C-7921-4CBA-85AE-DE3A62B26906}.Ad-Hoc|iPhoneSimulator.ActiveCfg = Ad-Hoc|iPhoneSimulator
		{1FA9EC2C-7921-4CBA-85AE-DE3A62B26906}.Ad-Hoc|iPhoneSimulator.Build.0 = Ad-Hoc|iPhoneSimulator
		{1FA9EC2C-7921-4CBA-85AE-DE3A62B26906}.Ad-Hoc|Mixed Platforms.ActiveCfg = Ad-Hoc|iPhone
		{1FA9EC2C-7921-4CBA-85AE-DE3A62B26906}.Ad-Hoc|Mixed Platforms.Build.0 = Ad-Hoc|iPhone
		{1FA9EC2C-7921-4CBA-85AE-DE3A62B26906}.Ad-Hoc|x86.ActiveCfg = Ad-Hoc|iPhone
		{1FA9EC2C-7921-4CBA-85AE-DE3A62B26906}.AppStore|Any CPU.ActiveCfg = AppStore|iPhone
		{1FA9EC2C-7921-4CBA-85AE-DE3A62B26906}.AppStore|ARM.ActiveCfg = AppStore|iPhone
		{1FA9EC2C-7921-4CBA-85AE-DE3A62B26906}.AppStore|iPhone.ActiveCfg = AppStore|iPhone
		{1FA9EC2C-7921-4CBA-85AE-DE3A62B26906}.AppStore|iPhone.Build.0 = AppStore|iPhone
		{1FA9EC2C-7921-4CBA-85AE-DE3A62B26906}.AppStore|iPhoneSimulator.ActiveCfg = AppStore|iPhoneSimulator
		{1FA9EC2C-7921-4CBA-85AE-DE3A62B26906}.AppStore|iPhoneSimulator.Build.0 = AppStore|iPhoneSimulator
		{1FA9EC2C-7921-4CBA-85AE-DE3A62B26906}.AppStore|Mixed Platforms.ActiveCfg = AppStore|iPhone
		{1FA9EC2C-7921-4CBA-85AE-DE3A62B26906}.AppStore|Mixed Platforms.Build.0 = AppStore|iPhone
		{1FA9EC2C-7921-4CBA-85AE-DE3A62B26906}.AppStore|x86.ActiveCfg = AppStore|iPhone
		{1FA9EC2C-7921-4CBA-85AE-DE3A62B26906}.Debug|Any CPU.ActiveCfg = Debug|iPhone
		{1FA9EC2C-7921-4CBA-85AE-DE3A62B26906}.Debug|ARM.ActiveCfg = Debug|iPhone
		{1FA9EC2C-7921-4CBA-85AE-DE3A62B26906}.Debug|iPhone.ActiveCfg = Debug|iPhone
		{1FA9EC2C-7921-4CBA-85AE-DE3A62B26906}.Debug|iPhone.Build.0 = Debug|iPhone
		{1FA9EC2C-7921-4CBA-85AE-DE3A62B26906}.Debug|iPhoneSimulator.ActiveCfg = Debug|iPhoneSimulator
		{1FA9EC2C-7921-4CBA-85AE-DE3A62B26906}.Debug|iPhoneSimulator.Build.0 = Debug|iPhoneSimulator
		{1FA9EC2C-7921-4CBA-85AE-DE3A62B26906}.Debug|Mixed Platforms.ActiveCfg = Debug|iPhone
		{1FA9EC2C-7921-4CBA-85AE-DE3A62B26906}.Debug|Mixed Platforms.Build.0 = Debug|iPhone
		{1FA9EC2C-7921-4CBA-85AE-DE3A62B26906}.Debug|x86.ActiveCfg = Debug|iPhone
		{1FA9EC2C-7921-4CBA-85AE-DE3A62B26906}.Release|Any CPU.ActiveCfg = Release|iPhone
		{1FA9EC2C-7921-4CBA-85AE-DE3A62B26906}.Release|ARM.ActiveCfg = Release|iPhone
		{1FA9EC2C-7921-4CBA-85AE-DE3A62B26906}.Release|iPhone.ActiveCfg = Release|iPhone
		{1FA9EC2C-7921-4CBA-85AE-DE3A62B26906}.Release|iPhone.Build.0 = Release|iPhone
		{1FA9EC2C-7921-4CBA-85AE-DE3A62B26906}.Release|iPhoneSimulator.ActiveCfg = Release|iPhoneSimulator
		{1FA9EC2C-7921-4CBA-85AE-DE3A62B26906}.Release|iPhoneSimulator.Build.0 = Release|iPhoneSimulator
		{1FA9EC2C-7921-4CBA-85AE-DE3A62B26906}.Release|Mixed Platforms.ActiveCfg = Release|iPhone
		{1FA9EC2C-7921-4CBA-85AE-DE3A62B26906}.Release|Mixed Platforms.Build.0 = Release|iPhone
		{1FA9EC2C-7921-4CBA-85AE-DE3A62B26906}.Release|x86.ActiveCfg = Release|iPhone
		{8627482C-73A9-4CF3-8908-D97649E55860}.Ad-Hoc|Any CPU.ActiveCfg = Release|Any CPU
		{8627482C-73A9-4CF3-8908-D97649E55860}.Ad-Hoc|Any CPU.Build.0 = Release|Any CPU
		{8627482C-73A9-4CF3-8908-D97649E55860}.Ad-Hoc|ARM.ActiveCfg = Release|Any CPU
		{8627482C-73A9-4CF3-8908-D97649E55860}.Ad-Hoc|iPhone.ActiveCfg = Release|Any CPU
		{8627482C-73A9-4CF3-8908-D97649E55860}.Ad-Hoc|iPhoneSimulator.ActiveCfg = Release|Any CPU
		{8627482C-73A9-4CF3-8908-D97649E55860}.Ad-Hoc|Mixed Platforms.ActiveCfg = Release|Any CPU
		{8627482C-73A9-4CF3-8908-D97649E55860}.Ad-Hoc|Mixed Platforms.Build.0 = Release|Any CPU
		{8627482C-73A9-4CF3-8908-D97649E55860}.Ad-Hoc|x86.ActiveCfg = Release|Any CPU
		{8627482C-73A9-4CF3-8908-D97649E55860}.AppStore|Any CPU.ActiveCfg = Release|Any CPU
		{8627482C-73A9-4CF3-8908-D97649E55860}.AppStore|Any CPU.Build.0 = Release|Any CPU
		{8627482C-73A9-4CF3-8908-D97649E55860}.AppStore|ARM.ActiveCfg = Release|Any CPU
		{8627482C-73A9-4CF3-8908-D97649E55860}.AppStore|iPhone.ActiveCfg = Release|Any CPU
		{8627482C-73A9-4CF3-8908-D97649E55860}.AppStore|iPhoneSimulator.ActiveCfg = Release|Any CPU
		{8627482C-73A9-4CF3-8908-D97649E55860}.AppStore|Mixed Platforms.ActiveCfg = Release|Any CPU
		{8627482C-73A9-4CF3-8908-D97649E55860}.AppStore|Mixed Platforms.Build.0 = Release|Any CPU
		{8627482C-73A9-4CF3-8908-D97649E55860}.AppStore|x86.ActiveCfg = Release|Any CPU
		{8627482C-73A9-4CF3-8908-D97649E55860}.Debug|Any CPU.ActiveCfg = Debug|Any CPU
		{8627482C-73A9-4CF3-8908-D97649E55860}.Debug|Any CPU.Build.0 = Debug|Any CPU
		{8627482C-73A9-4CF3-8908-D97649E55860}.Debug|ARM.ActiveCfg = Debug|Any CPU
		{8627482C-73A9-4CF3-8908-D97649E55860}.Debug|iPhone.ActiveCfg = Debug|Any CPU
		{8627482C-73A9-4CF3-8908-D97649E55860}.Debug|iPhone.Build.0 = Debug|Any CPU
		{8627482C-73A9-4CF3-8908-D97649E55860}.Debug|iPhoneSimulator.ActiveCfg = Debug|Any CPU
		{8627482C-73A9-4CF3-8908-D97649E55860}.Debug|Mixed Platforms.ActiveCfg = Debug|Any CPU
		{8627482C-73A9-4CF3-8908-D97649E55860}.Debug|Mixed Platforms.Build.0 = Debug|Any CPU
		{8627482C-73A9-4CF3-8908-D97649E55860}.Debug|x86.ActiveCfg = Debug|Any CPU
		{8627482C-73A9-4CF3-8908-D97649E55860}.Release|Any CPU.ActiveCfg = Release|Any CPU
		{8627482C-73A9-4CF3-8908-D97649E55860}.Release|Any CPU.Build.0 = Release|Any CPU
		{8627482C-73A9-4CF3-8908-D97649E55860}.Release|ARM.ActiveCfg = Release|Any CPU
		{8627482C-73A9-4CF3-8908-D97649E55860}.Release|iPhone.ActiveCfg = Release|Any CPU
		{8627482C-73A9-4CF3-8908-D97649E55860}.Release|iPhoneSimulator.ActiveCfg = Release|Any CPU
		{8627482C-73A9-4CF3-8908-D97649E55860}.Release|Mixed Platforms.ActiveCfg = Release|Any CPU
		{8627482C-73A9-4CF3-8908-D97649E55860}.Release|Mixed Platforms.Build.0 = Release|Any CPU
		{8627482C-73A9-4CF3-8908-D97649E55860}.Release|x86.ActiveCfg = Release|Any CPU
		{A9C57EFB-3534-4D92-9070-961D691286F2}.Ad-Hoc|Any CPU.ActiveCfg = Release|Any CPU
		{A9C57EFB-3534-4D92-9070-961D691286F2}.Ad-Hoc|Any CPU.Build.0 = Release|Any CPU
		{A9C57EFB-3534-4D92-9070-961D691286F2}.Ad-Hoc|Any CPU.Deploy.0 = Release|Any CPU
		{A9C57EFB-3534-4D92-9070-961D691286F2}.Ad-Hoc|ARM.ActiveCfg = Release|ARM
		{A9C57EFB-3534-4D92-9070-961D691286F2}.Ad-Hoc|ARM.Build.0 = Release|ARM
		{A9C57EFB-3534-4D92-9070-961D691286F2}.Ad-Hoc|ARM.Deploy.0 = Release|ARM
		{A9C57EFB-3534-4D92-9070-961D691286F2}.Ad-Hoc|iPhone.ActiveCfg = Release|Any CPU
		{A9C57EFB-3534-4D92-9070-961D691286F2}.Ad-Hoc|iPhoneSimulator.ActiveCfg = Release|Any CPU
		{A9C57EFB-3534-4D92-9070-961D691286F2}.Ad-Hoc|Mixed Platforms.ActiveCfg = Release|x86
		{A9C57EFB-3534-4D92-9070-961D691286F2}.Ad-Hoc|Mixed Platforms.Build.0 = Release|x86
		{A9C57EFB-3534-4D92-9070-961D691286F2}.Ad-Hoc|Mixed Platforms.Deploy.0 = Release|x86
		{A9C57EFB-3534-4D92-9070-961D691286F2}.Ad-Hoc|x86.ActiveCfg = Release|x86
		{A9C57EFB-3534-4D92-9070-961D691286F2}.Ad-Hoc|x86.Build.0 = Release|x86
		{A9C57EFB-3534-4D92-9070-961D691286F2}.Ad-Hoc|x86.Deploy.0 = Release|x86
		{A9C57EFB-3534-4D92-9070-961D691286F2}.AppStore|Any CPU.ActiveCfg = Release|Any CPU
		{A9C57EFB-3534-4D92-9070-961D691286F2}.AppStore|Any CPU.Build.0 = Release|Any CPU
		{A9C57EFB-3534-4D92-9070-961D691286F2}.AppStore|Any CPU.Deploy.0 = Release|Any CPU
		{A9C57EFB-3534-4D92-9070-961D691286F2}.AppStore|ARM.ActiveCfg = Release|ARM
		{A9C57EFB-3534-4D92-9070-961D691286F2}.AppStore|ARM.Build.0 = Release|ARM
		{A9C57EFB-3534-4D92-9070-961D691286F2}.AppStore|ARM.Deploy.0 = Release|ARM
		{A9C57EFB-3534-4D92-9070-961D691286F2}.AppStore|iPhone.ActiveCfg = Release|Any CPU
		{A9C57EFB-3534-4D92-9070-961D691286F2}.AppStore|iPhoneSimulator.ActiveCfg = Release|Any CPU
		{A9C57EFB-3534-4D92-9070-961D691286F2}.AppStore|Mixed Platforms.ActiveCfg = Release|x86
		{A9C57EFB-3534-4D92-9070-961D691286F2}.AppStore|Mixed Platforms.Build.0 = Release|x86
		{A9C57EFB-3534-4D92-9070-961D691286F2}.AppStore|Mixed Platforms.Deploy.0 = Release|x86
		{A9C57EFB-3534-4D92-9070-961D691286F2}.AppStore|x86.ActiveCfg = Release|x86
		{A9C57EFB-3534-4D92-9070-961D691286F2}.AppStore|x86.Build.0 = Release|x86
		{A9C57EFB-3534-4D92-9070-961D691286F2}.AppStore|x86.Deploy.0 = Release|x86
		{A9C57EFB-3534-4D92-9070-961D691286F2}.Debug|Any CPU.ActiveCfg = Debug|Any CPU
		{A9C57EFB-3534-4D92-9070-961D691286F2}.Debug|Any CPU.Build.0 = Debug|Any CPU
		{A9C57EFB-3534-4D92-9070-961D691286F2}.Debug|Any CPU.Deploy.0 = Debug|Any CPU
		{A9C57EFB-3534-4D92-9070-961D691286F2}.Debug|ARM.ActiveCfg = Debug|ARM
		{A9C57EFB-3534-4D92-9070-961D691286F2}.Debug|ARM.Build.0 = Debug|ARM
		{A9C57EFB-3534-4D92-9070-961D691286F2}.Debug|ARM.Deploy.0 = Debug|ARM
		{A9C57EFB-3534-4D92-9070-961D691286F2}.Debug|iPhone.ActiveCfg = Debug|Any CPU
		{A9C57EFB-3534-4D92-9070-961D691286F2}.Debug|iPhoneSimulator.ActiveCfg = Debug|Any CPU
		{A9C57EFB-3534-4D92-9070-961D691286F2}.Debug|Mixed Platforms.ActiveCfg = Debug|x86
		{A9C57EFB-3534-4D92-9070-961D691286F2}.Debug|Mixed Platforms.Build.0 = Debug|x86
		{A9C57EFB-3534-4D92-9070-961D691286F2}.Debug|Mixed Platforms.Deploy.0 = Debug|x86
		{A9C57EFB-3534-4D92-9070-961D691286F2}.Debug|x86.ActiveCfg = Debug|x86
		{A9C57EFB-3534-4D92-9070-961D691286F2}.Debug|x86.Build.0 = Debug|x86
		{A9C57EFB-3534-4D92-9070-961D691286F2}.Debug|x86.Deploy.0 = Debug|x86
		{A9C57EFB-3534-4D92-9070-961D691286F2}.Release|Any CPU.ActiveCfg = Release|Any CPU
		{A9C57EFB-3534-4D92-9070-961D691286F2}.Release|Any CPU.Build.0 = Release|Any CPU
		{A9C57EFB-3534-4D92-9070-961D691286F2}.Release|Any CPU.Deploy.0 = Release|Any CPU
		{A9C57EFB-3534-4D92-9070-961D691286F2}.Release|ARM.ActiveCfg = Release|ARM
		{A9C57EFB-3534-4D92-9070-961D691286F2}.Release|ARM.Build.0 = Release|ARM
		{A9C57EFB-3534-4D92-9070-961D691286F2}.Release|ARM.Deploy.0 = Release|ARM
		{A9C57EFB-3534-4D92-9070-961D691286F2}.Release|iPhone.ActiveCfg = Release|Any CPU
		{A9C57EFB-3534-4D92-9070-961D691286F2}.Release|iPhoneSimulator.ActiveCfg = Release|Any CPU
		{A9C57EFB-3534-4D92-9070-961D691286F2}.Release|Mixed Platforms.ActiveCfg = Release|x86
		{A9C57EFB-3534-4D92-9070-961D691286F2}.Release|Mixed Platforms.Build.0 = Release|x86
		{A9C57EFB-3534-4D92-9070-961D691286F2}.Release|Mixed Platforms.Deploy.0 = Release|x86
		{A9C57EFB-3534-4D92-9070-961D691286F2}.Release|x86.ActiveCfg = Release|x86
		{A9C57EFB-3534-4D92-9070-961D691286F2}.Release|x86.Build.0 = Release|x86
		{A9C57EFB-3534-4D92-9070-961D691286F2}.Release|x86.Deploy.0 = Release|x86
		{FD106696-AD44-45FA-9C3D-CF888A865915}.Ad-Hoc|Any CPU.ActiveCfg = Release|Any CPU
		{FD106696-AD44-45FA-9C3D-CF888A865915}.Ad-Hoc|Any CPU.Build.0 = Release|Any CPU
		{FD106696-AD44-45FA-9C3D-CF888A865915}.Ad-Hoc|Any CPU.Deploy.0 = Release|Any CPU
		{FD106696-AD44-45FA-9C3D-CF888A865915}.Ad-Hoc|ARM.ActiveCfg = Release|Any CPU
		{FD106696-AD44-45FA-9C3D-CF888A865915}.Ad-Hoc|iPhone.ActiveCfg = Release|Any CPU
		{FD106696-AD44-45FA-9C3D-CF888A865915}.Ad-Hoc|iPhoneSimulator.ActiveCfg = Release|Any CPU
		{FD106696-AD44-45FA-9C3D-CF888A865915}.Ad-Hoc|Mixed Platforms.ActiveCfg = Release|Any CPU
		{FD106696-AD44-45FA-9C3D-CF888A865915}.Ad-Hoc|Mixed Platforms.Build.0 = Release|Any CPU
		{FD106696-AD44-45FA-9C3D-CF888A865915}.Ad-Hoc|Mixed Platforms.Deploy.0 = Release|Any CPU
		{FD106696-AD44-45FA-9C3D-CF888A865915}.Ad-Hoc|x86.ActiveCfg = Release|Any CPU
		{FD106696-AD44-45FA-9C3D-CF888A865915}.AppStore|Any CPU.ActiveCfg = Release|Any CPU
		{FD106696-AD44-45FA-9C3D-CF888A865915}.AppStore|Any CPU.Build.0 = Release|Any CPU
		{FD106696-AD44-45FA-9C3D-CF888A865915}.AppStore|Any CPU.Deploy.0 = Release|Any CPU
		{FD106696-AD44-45FA-9C3D-CF888A865915}.AppStore|ARM.ActiveCfg = Release|Any CPU
		{FD106696-AD44-45FA-9C3D-CF888A865915}.AppStore|iPhone.ActiveCfg = Release|Any CPU
		{FD106696-AD44-45FA-9C3D-CF888A865915}.AppStore|iPhoneSimulator.ActiveCfg = Release|Any CPU
		{FD106696-AD44-45FA-9C3D-CF888A865915}.AppStore|Mixed Platforms.ActiveCfg = Release|Any CPU
		{FD106696-AD44-45FA-9C3D-CF888A865915}.AppStore|Mixed Platforms.Build.0 = Release|Any CPU
		{FD106696-AD44-45FA-9C3D-CF888A865915}.AppStore|Mixed Platforms.Deploy.0 = Release|Any CPU
		{FD106696-AD44-45FA-9C3D-CF888A865915}.AppStore|x86.ActiveCfg = Release|Any CPU
		{FD106696-AD44-45FA-9C3D-CF888A865915}.Debug|Any CPU.ActiveCfg = Debug|Any CPU
		{FD106696-AD44-45FA-9C3D-CF888A865915}.Debug|Any CPU.Build.0 = Debug|Any CPU
		{FD106696-AD44-45FA-9C3D-CF888A865915}.Debug|Any CPU.Deploy.0 = Debug|Any CPU
		{FD106696-AD44-45FA-9C3D-CF888A865915}.Debug|ARM.ActiveCfg = Debug|Any CPU
		{FD106696-AD44-45FA-9C3D-CF888A865915}.Debug|iPhone.ActiveCfg = Debug|Any CPU
		{FD106696-AD44-45FA-9C3D-CF888A865915}.Debug|iPhoneSimulator.ActiveCfg = Debug|Any CPU
		{FD106696-AD44-45FA-9C3D-CF888A865915}.Debug|Mixed Platforms.ActiveCfg = Debug|Any CPU
		{FD106696-AD44-45FA-9C3D-CF888A865915}.Debug|Mixed Platforms.Build.0 = Debug|Any CPU
		{FD106696-AD44-45FA-9C3D-CF888A865915}.Debug|Mixed Platforms.Deploy.0 = Debug|Any CPU
		{FD106696-AD44-45FA-9C3D-CF888A865915}.Debug|x86.ActiveCfg = Debug|Any CPU
		{FD106696-AD44-45FA-9C3D-CF888A865915}.Release|Any CPU.ActiveCfg = Release|Any CPU
		{FD106696-AD44-45FA-9C3D-CF888A865915}.Release|Any CPU.Build.0 = Release|Any CPU
		{FD106696-AD44-45FA-9C3D-CF888A865915}.Release|Any CPU.Deploy.0 = Release|Any CPU
		{FD106696-AD44-45FA-9C3D-CF888A865915}.Release|ARM.ActiveCfg = Release|Any CPU
		{FD106696-AD44-45FA-9C3D-CF888A865915}.Release|iPhone.ActiveCfg = Release|Any CPU
		{FD106696-AD44-45FA-9C3D-CF888A865915}.Release|iPhoneSimulator.ActiveCfg = Release|Any CPU
		{FD106696-AD44-45FA-9C3D-CF888A865915}.Release|Mixed Platforms.ActiveCfg = Release|Any CPU
		{FD106696-AD44-45FA-9C3D-CF888A865915}.Release|Mixed Platforms.Build.0 = Release|Any CPU
		{FD106696-AD44-45FA-9C3D-CF888A865915}.Release|Mixed Platforms.Deploy.0 = Release|Any CPU
		{FD106696-AD44-45FA-9C3D-CF888A865915}.Release|x86.ActiveCfg = Release|Any CPU
	EndGlobalSection
	GlobalSection(SolutionProperties) = preSolution
		HideSolutionNode = FALSE
	EndGlobalSection
EndGlobal
